
Microsoft Visual Studio Solution File, Format Version 12.00
# Visual Studio Version 17
VisualStudioVersion = 17.4.33205.214
MinimumVisualStudioVersion = 10.0.40219.1
Project("{FAE04EC0-301F-11D3-BF4B-00C04F79EFBC}") = "Дополнительные диалоги homework 12.04.2023", "Дополнительные диалоги homework 12.04.2023.csproj", "{1D2B3490-08E9-4AA5-9036-94C0D9205B60}"
EndProject
Project("{FAE04EC0-301F-11D3-BF4B-00C04F79EFBC}") = "Task 2 homework", "Task 2 homework\Task 2 homework.csproj", "{D8573257-74F6-43A6-A2FD-A3A1227CF422}"
EndProject
Project("{FAE04EC0-301F-11D3-BF4B-00C04F79EFBC}") = "Task 3 homework", "Task 3 homework\Task 3 homework.csproj", "{73811EC8-B5AD-454F-9815-8049B029BE6C}"
EndProject
Global
	GlobalSection(SolutionConfigurationPlatforms) = preSolution
		Debug|Any CPU = Debug|Any CPU
		Release|Any CPU = Release|Any CPU
	EndGlobalSection
	GlobalSection(ProjectConfigurationPlatforms) = postSolution
		{1D2B3490-08E9-4AA5-9036-94C0D9205B60}.Debug|Any CPU.ActiveCfg = Debug|Any CPU
		{1D2B3490-08E9-4AA5-9036-94C0D9205B60}.Debug|Any CPU.Build.0 = Debug|Any CPU
		{1D2B3490-08E9-4AA5-9036-94C0D9205B60}.Release|Any CPU.ActiveCfg = Release|Any CPU
		{1D2B3490-08E9-4AA5-9036-94C0D9205B60}.Release|Any CPU.Build.0 = Release|Any CPU
		{D8573257-74F6-43A6-A2FD-A3A1227CF422}.Debug|Any CPU.ActiveCfg = Debug|Any CPU
		{D8573257-74F6-43A6-A2FD-A3A1227CF422}.Debug|Any CPU.Build.0 = Debug|Any CPU
		{D8573257-74F6-43A6-A2FD-A3A1227CF422}.Release|Any CPU.ActiveCfg = Release|Any CPU
		{D8573257-74F6-43A6-A2FD-A3A1227CF422}.Release|Any CPU.Build.0 = Release|Any CPU
		{73811EC8-B5AD-454F-9815-8049B029BE6C}.Debug|Any CPU.ActiveCfg = Debug|Any CPU
		{73811EC8-B5AD-454F-9815-8049B029BE6C}.Debug|Any CPU.Build.0 = Debug|Any CPU
		{73811EC8-B5AD-454F-9815-8049B029BE6C}.Release|Any CPU.ActiveCfg = Release|Any CPU
		{73811EC8-B5AD-454F-9815-8049B029BE6C}.Release|Any CPU.Build.0 = Release|Any CPU
	EndGlobalSection
	GlobalSection(SolutionProperties) = preSolution
		HideSolutionNode = FALSE
	EndGlobalSection
	GlobalSection(ExtensibilityGlobals) = postSolution
		SolutionGuid = {51697EBC-434B-4C99-A81D-65B1C2DB0489}
	EndGlobalSection
EndGlobal
